{
  "name": "store",
  "version": "0.0.1",
  "lockfileVersion": 1,
  "requires": true,
  "dependencies": {
    "@types/bson": {
      "version": "1.0.11",
      "resolved": "http://registry.npm.taobao.org/@types/bson/download/@types/bson-1.0.11.tgz",
      "integrity": "sha1-yVrWm7Cz9cM7S7bMhthsr7JzM1w=",
      "dev": true,
      "requires": {
        "@types/node": "10.5.7"
      }
    },
    "@types/node": {
      "version": "10.5.7",
      "resolved": "http://registry.npm.taobao.org/@types/node/download/@types/node-10.5.7.tgz",
      "integrity": "sha1-lg2f6zreIjO8yYQ8kY10C094p88=",
      "dev": true
    },
    "bson": {
      "version": "2.0.8",
      "resolved": "http://registry.npm.taobao.org/bson/download/bson-2.0.8.tgz",
      "integrity": "sha1-47zBFeSGvcsiLedWjEOwtDKSdh4="
    }
  }
}
